
Microsoft Visual Studio Solution File, Format Version 12.00
# Visual Studio Version 16
VisualStudioVersion = 16.0.31702.278
MinimumVisualStudioVersion = 10.0.40219.1
Project("{FAE04EC0-301F-11D3-BF4B-00C04F79EFBC}") = "Day 1.5 starting with while loops", "Day 1.5 starting with while loops\Day 1.5 starting with while loops.csproj", "{914C9B0D-B1F8-4BF7-99A9-2BBEABB38B87}"
EndProject
Global
	GlobalSection(SolutionConfigurationPlatforms) = preSolution
		Debug|Any CPU = Debug|Any CPU
		Release|Any CPU = Release|Any CPU
	EndGlobalSection
	GlobalSection(ProjectConfigurationPlatforms) = postSolution
		{914C9B0D-B1F8-4BF7-99A9-2BBEABB38B87}.Debug|Any CPU.ActiveCfg = Debug|Any CPU
		{914C9B0D-B1F8-4BF7-99A9-2BBEABB38B87}.Debug|Any CPU.Build.0 = Debug|Any CPU
		{914C9B0D-B1F8-4BF7-99A9-2BBEABB38B87}.Release|Any CPU.ActiveCfg = Release|Any CPU
		{914C9B0D-B1F8-4BF7-99A9-2BBEABB38B87}.Release|Any CPU.Build.0 = Release|Any CPU
	EndGlobalSection
	GlobalSection(SolutionProperties) = preSolution
		HideSolutionNode = FALSE
	EndGlobalSection
	GlobalSection(ExtensibilityGlobals) = postSolution
		SolutionGuid = {1081A282-A0E6-46A6-9794-9AFC41C554FE}
	EndGlobalSection
EndGlobal
